
Microsoft Visual Studio Solution File, Format Version 12.00
# Visual Studio Version 17
VisualStudioVersion = 17.0.31903.59
MinimumVisualStudioVersion = 10.0.40219.1
Project("{FAE04EC0-301F-11D3-BF4B-00C04F79EFBC}") = "Algorithms", "Algorithms\Algorithms.csproj", "{24E8B8F2-BC1D-4F3E-A9A1-AB84B4025BB2}"
EndProject
Project("{FAE04EC0-301F-11D3-BF4B-00C04F79EFBC}") = "Algorithms.Tests", "Algorithms.Tests\Algorithms.Tests.csproj", "{16EDCDAA-9A7C-49AF-A9C7-EB040C4DD2B7}"
EndProject
Global
	GlobalSection(SolutionConfigurationPlatforms) = preSolution
		Debug|Any CPU = Debug|Any CPU
		Debug|x64 = Debug|x64
		Debug|x86 = Debug|x86
		Release|Any CPU = Release|Any CPU
		Release|x64 = Release|x64
		Release|x86 = Release|x86
	EndGlobalSection
	GlobalSection(ProjectConfigurationPlatforms) = postSolution
		{24E8B8F2-BC1D-4F3E-A9A1-AB84B4025BB2}.Debug|Any CPU.ActiveCfg = Debug|Any CPU
		{24E8B8F2-BC1D-4F3E-A9A1-AB84B4025BB2}.Debug|Any CPU.Build.0 = Debug|Any CPU
		{24E8B8F2-BC1D-4F3E-A9A1-AB84B4025BB2}.Debug|x64.ActiveCfg = Debug|Any CPU
		{24E8B8F2-BC1D-4F3E-A9A1-AB84B4025BB2}.Debug|x64.Build.0 = Debug|Any CPU
		{24E8B8F2-BC1D-4F3E-A9A1-AB84B4025BB2}.Debug|x86.ActiveCfg = Debug|Any CPU
		{24E8B8F2-BC1D-4F3E-A9A1-AB84B4025BB2}.Debug|x86.Build.0 = Debug|Any CPU
		{24E8B8F2-BC1D-4F3E-A9A1-AB84B4025BB2}.Release|Any CPU.ActiveCfg = Release|Any CPU
		{24E8B8F2-BC1D-4F3E-A9A1-AB84B4025BB2}.Release|Any CPU.Build.0 = Release|Any CPU
		{24E8B8F2-BC1D-4F3E-A9A1-AB84B4025BB2}.Release|x64.ActiveCfg = Release|Any CPU
		{24E8B8F2-BC1D-4F3E-A9A1-AB84B4025BB2}.Release|x64.Build.0 = Release|Any CPU
		{24E8B8F2-BC1D-4F3E-A9A1-AB84B4025BB2}.Release|x86.ActiveCfg = Release|Any CPU
		{24E8B8F2-BC1D-4F3E-A9A1-AB84B4025BB2}.Release|x86.Build.0 = Release|Any CPU
		{16EDCDAA-9A7C-49AF-A9C7-EB040C4DD2B7}.Debug|Any CPU.ActiveCfg = Debug|Any CPU
		{16EDCDAA-9A7C-49AF-A9C7-EB040C4DD2B7}.Debug|Any CPU.Build.0 = Debug|Any CPU
		{16EDCDAA-9A7C-49AF-A9C7-EB040C4DD2B7}.Debug|x64.ActiveCfg = Debug|Any CPU
		{16EDCDAA-9A7C-49AF-A9C7-EB040C4DD2B7}.Debug|x64.Build.0 = Debug|Any CPU
		{16EDCDAA-9A7C-49AF-A9C7-EB040C4DD2B7}.Debug|x86.ActiveCfg = Debug|Any CPU
		{16EDCDAA-9A7C-49AF-A9C7-EB040C4DD2B7}.Debug|x86.Build.0 = Debug|Any CPU
		{16EDCDAA-9A7C-49AF-A9C7-EB040C4DD2B7}.Release|Any CPU.ActiveCfg = Release|Any CPU
		{16EDCDAA-9A7C-49AF-A9C7-EB040C4DD2B7}.Release|Any CPU.Build.0 = Release|Any CPU
		{16EDCDAA-9A7C-49AF-A9C7-EB040C4DD2B7}.Release|x64.ActiveCfg = Release|Any CPU
		{16EDCDAA-9A7C-49AF-A9C7-EB040C4DD2B7}.Release|x64.Build.0 = Release|Any CPU
		{16EDCDAA-9A7C-49AF-A9C7-EB040C4DD2B7}.Release|x86.ActiveCfg = Release|Any CPU
		{16EDCDAA-9A7C-49AF-A9C7-EB040C4DD2B7}.Release|x86.Build.0 = Release|Any CPU
	EndGlobalSection
	GlobalSection(SolutionProperties) = preSolution
		HideSolutionNode = FALSE
	EndGlobalSection
EndGlobal
